
Microsoft Visual Studio Solution File, Format Version 12.00
# Visual Studio Version 16
VisualStudioVersion = 16.0.29709.97
MinimumVisualStudioVersion = 10.0.40219.1
Project("{FAE04EC0-301F-11D3-BF4B-00C04F79EFBC}") = "m_Reflection", "m_Reflection\m_Reflection.csproj", "{6841509E-1A90-4D7F-AEE6-AF1ADF2E8C11}"
EndProject
Global
	GlobalSection(SolutionConfigurationPlatforms) = preSolution
		Debug|Any CPU = Debug|Any CPU
		Release|Any CPU = Release|Any CPU
	EndGlobalSection
	GlobalSection(ProjectConfigurationPlatforms) = postSolution
		{6841509E-1A90-4D7F-AEE6-AF1ADF2E8C11}.Debug|Any CPU.ActiveCfg = Debug|Any CPU
		{6841509E-1A90-4D7F-AEE6-AF1ADF2E8C11}.Debug|Any CPU.Build.0 = Debug|Any CPU
		{6841509E-1A90-4D7F-AEE6-AF1ADF2E8C11}.Release|Any CPU.ActiveCfg = Release|Any CPU
		{6841509E-1A90-4D7F-AEE6-AF1ADF2E8C11}.Release|Any CPU.Build.0 = Release|Any CPU
	EndGlobalSection
	GlobalSection(SolutionProperties) = preSolution
		HideSolutionNode = FALSE
	EndGlobalSection
	GlobalSection(ExtensibilityGlobals) = postSolution
		SolutionGuid = {741BC098-4C8B-43A1-A1CF-0697932C942D}
	EndGlobalSection
EndGlobal
