
Microsoft Visual Studio Solution File, Format Version 12.00
# Visual Studio Version 16
VisualStudioVersion = 16.0.29709.97
MinimumVisualStudioVersion = 10.0.40219.1
Project("{FAE04EC0-301F-11D3-BF4B-00C04F79EFBC}") = "m_Class", "m_Class\m_Class.csproj", "{F23D902C-22F2-48B2-923A-324AE3B4DC4C}"
EndProject
Project("{FAE04EC0-301F-11D3-BF4B-00C04F79EFBC}") = "a_Class", "a_Class\a_Class.csproj", "{2B130A1A-BA7A-4B58-83D5-F778056B83AB}"
EndProject
Global
	GlobalSection(SolutionConfigurationPlatforms) = preSolution
		Debug|Any CPU = Debug|Any CPU
		Release|Any CPU = Release|Any CPU
	EndGlobalSection
	GlobalSection(ProjectConfigurationPlatforms) = postSolution
		{F23D902C-22F2-48B2-923A-324AE3B4DC4C}.Debug|Any CPU.ActiveCfg = Debug|Any CPU
		{F23D902C-22F2-48B2-923A-324AE3B4DC4C}.Debug|Any CPU.Build.0 = Debug|Any CPU
		{F23D902C-22F2-48B2-923A-324AE3B4DC4C}.Release|Any CPU.ActiveCfg = Release|Any CPU
		{F23D902C-22F2-48B2-923A-324AE3B4DC4C}.Release|Any CPU.Build.0 = Release|Any CPU
		{2B130A1A-BA7A-4B58-83D5-F778056B83AB}.Debug|Any CPU.ActiveCfg = Debug|Any CPU
		{2B130A1A-BA7A-4B58-83D5-F778056B83AB}.Debug|Any CPU.Build.0 = Debug|Any CPU
		{2B130A1A-BA7A-4B58-83D5-F778056B83AB}.Release|Any CPU.ActiveCfg = Release|Any CPU
		{2B130A1A-BA7A-4B58-83D5-F778056B83AB}.Release|Any CPU.Build.0 = Release|Any CPU
	EndGlobalSection
	GlobalSection(SolutionProperties) = preSolution
		HideSolutionNode = FALSE
	EndGlobalSection
	GlobalSection(ExtensibilityGlobals) = postSolution
		SolutionGuid = {22E91CFA-8946-4C5B-A115-C7CCBF63F62F}
	EndGlobalSection
EndGlobal
