
Microsoft Visual Studio Solution File, Format Version 12.00
# Visual Studio Version 16
VisualStudioVersion = 16.0.29709.97
MinimumVisualStudioVersion = 10.0.40219.1
Project("{FAE04EC0-301F-11D3-BF4B-00C04F79EFBC}") = "m_Stack", "m_Stack\m_Stack.csproj", "{D112D08F-B33C-4044-A3DC-B2DA79970AB1}"
EndProject
Project("{FAE04EC0-301F-11D3-BF4B-00C04F79EFBC}") = "m_HashTable", "m_HashTable\m_HashTable.csproj", "{862DCC4D-6859-4825-BC1B-A94763139E37}"
EndProject
Project("{FAE04EC0-301F-11D3-BF4B-00C04F79EFBC}") = "m_Dictionary", "m_Dictionary\m_Dictionary.csproj", "{DF052DF1-85F3-4520-BD61-6380889D4010}"
EndProject
Global
	GlobalSection(SolutionConfigurationPlatforms) = preSolution
		Debug|Any CPU = Debug|Any CPU
		Release|Any CPU = Release|Any CPU
	EndGlobalSection
	GlobalSection(ProjectConfigurationPlatforms) = postSolution
		{D112D08F-B33C-4044-A3DC-B2DA79970AB1}.Debug|Any CPU.ActiveCfg = Debug|Any CPU
		{D112D08F-B33C-4044-A3DC-B2DA79970AB1}.Debug|Any CPU.Build.0 = Debug|Any CPU
		{D112D08F-B33C-4044-A3DC-B2DA79970AB1}.Release|Any CPU.ActiveCfg = Release|Any CPU
		{D112D08F-B33C-4044-A3DC-B2DA79970AB1}.Release|Any CPU.Build.0 = Release|Any CPU
		{862DCC4D-6859-4825-BC1B-A94763139E37}.Debug|Any CPU.ActiveCfg = Debug|Any CPU
		{862DCC4D-6859-4825-BC1B-A94763139E37}.Debug|Any CPU.Build.0 = Debug|Any CPU
		{862DCC4D-6859-4825-BC1B-A94763139E37}.Release|Any CPU.ActiveCfg = Release|Any CPU
		{862DCC4D-6859-4825-BC1B-A94763139E37}.Release|Any CPU.Build.0 = Release|Any CPU
		{DF052DF1-85F3-4520-BD61-6380889D4010}.Debug|Any CPU.ActiveCfg = Debug|Any CPU
		{DF052DF1-85F3-4520-BD61-6380889D4010}.Debug|Any CPU.Build.0 = Debug|Any CPU
		{DF052DF1-85F3-4520-BD61-6380889D4010}.Release|Any CPU.ActiveCfg = Release|Any CPU
		{DF052DF1-85F3-4520-BD61-6380889D4010}.Release|Any CPU.Build.0 = Release|Any CPU
	EndGlobalSection
	GlobalSection(SolutionProperties) = preSolution
		HideSolutionNode = FALSE
	EndGlobalSection
	GlobalSection(ExtensibilityGlobals) = postSolution
		SolutionGuid = {FDA17836-D729-45A9-82F0-D3D52FC86A0E}
	EndGlobalSection
EndGlobal
