
Microsoft Visual Studio Solution File, Format Version 12.00
# Visual Studio Version 16
VisualStudioVersion = 16.0.29709.97
MinimumVisualStudioVersion = 10.0.40219.1
Project("{FAE04EC0-301F-11D3-BF4B-00C04F79EFBC}") = "m_Exception", "m_Exception\m_Exception.csproj", "{2359187C-555E-48C4-8D2E-BC873AB5AA30}"
EndProject
Global
	GlobalSection(SolutionConfigurationPlatforms) = preSolution
		Debug|Any CPU = Debug|Any CPU
		Release|Any CPU = Release|Any CPU
	EndGlobalSection
	GlobalSection(ProjectConfigurationPlatforms) = postSolution
		{2359187C-555E-48C4-8D2E-BC873AB5AA30}.Debug|Any CPU.ActiveCfg = Debug|Any CPU
		{2359187C-555E-48C4-8D2E-BC873AB5AA30}.Debug|Any CPU.Build.0 = Debug|Any CPU
		{2359187C-555E-48C4-8D2E-BC873AB5AA30}.Release|Any CPU.ActiveCfg = Release|Any CPU
		{2359187C-555E-48C4-8D2E-BC873AB5AA30}.Release|Any CPU.Build.0 = Release|Any CPU
	EndGlobalSection
	GlobalSection(SolutionProperties) = preSolution
		HideSolutionNode = FALSE
	EndGlobalSection
	GlobalSection(ExtensibilityGlobals) = postSolution
		SolutionGuid = {20710759-763F-4807-8BA4-3458B6958D55}
	EndGlobalSection
EndGlobal
